id: j270sdr_J270SDRReceiver
label: J270SDRReceiver
category: '[j270sdr]'

templates:
  imports: from gnuradio import j270sdr
  make: j270sdr.J270SDRReceiver(${name}, ${agc}, ${channel}, ${frequency}, ${sampleRate}, ${bandwidth}, ${gain})

parameters:
  - id: name
    label: Device Name
    dtype: string
    default: ''
  - id: agc
    label: Auto Gain Control
    dtype: bool
    default: False
  - id: channel
    label: Channel Selection
    dtype: string
    default: 'R9'
    options: ['R9', 'R24']
  - id: frequency
    label: Carrier Frequency (Hz)
    dtype: float
    default: 902.2e6
  - id: sampleRate
    label: Sample Rate (Sps)
    dtype: int
    default: 4000000
    options: [4000000, 2000000, 1333333, 1000000, 800000, 666667, 500000, 400000]
  - id: bandwidth
    label: Channel Bandwidth (Hz)
    dtype: int
    default: 2000000
    options: [160000, 200000, 250000, 320000, 400000, 500000, 630000, 800000, 1000000, 1250000, 1600000, 2000000]
  - id: gain
    label: Gain (dB)
    dtype: int
    default: 23


inputs: []

outputs:
  - label: out
    domain: stream
    dtype: complex

file_format: 1
